
Microsoft Visual Studio Solution File, Format Version 12.00
# Visual Studio Version 16
VisualStudioVersion = 16.0.30114.105
MinimumVisualStudioVersion = 10.0.40219.1
Project("{FAE04EC0-301F-11D3-BF4B-00C04F79EFBC}") = "Backend.Api", "src\Backend.Api\Backend.Api.csproj", "{1958C748-33F4-40F8-A978-2A991F260ADB}"
EndProject
Project("{FAE04EC0-301F-11D3-BF4B-00C04F79EFBC}") = "Backend.Core", "src\Backend.Core\Backend.Core.csproj", "{70899E23-C339-4BBC-B782-58687BA6F577}"
EndProject
Project("{FAE04EC0-301F-11D3-BF4B-00C04F79EFBC}") = "Backend.Infrastructure", "src\Backend.Infrastructure\Backend.Infrastructure.csproj", "{51CF064A-B5AA-4D0D-BE49-E5BDF9550AAF}"
EndProject
Global
	GlobalSection(SolutionConfigurationPlatforms) = preSolution
		Debug|Any CPU = Debug|Any CPU
		Debug|x64 = Debug|x64
		Debug|x86 = Debug|x86
		Release|Any CPU = Release|Any CPU
		Release|x64 = Release|x64
		Release|x86 = Release|x86
	EndGlobalSection
	GlobalSection(SolutionProperties) = preSolution
		HideSolutionNode = FALSE
	EndGlobalSection
	GlobalSection(ProjectConfigurationPlatforms) = postSolution
		{1958C748-33F4-40F8-A978-2A991F260ADB}.Debug|Any CPU.ActiveCfg = Debug|Any CPU
		{1958C748-33F4-40F8-A978-2A991F260ADB}.Debug|Any CPU.Build.0 = Debug|Any CPU
		{1958C748-33F4-40F8-A978-2A991F260ADB}.Debug|x64.ActiveCfg = Debug|Any CPU
		{1958C748-33F4-40F8-A978-2A991F260ADB}.Debug|x64.Build.0 = Debug|Any CPU
		{1958C748-33F4-40F8-A978-2A991F260ADB}.Debug|x86.ActiveCfg = Debug|Any CPU
		{1958C748-33F4-40F8-A978-2A991F260ADB}.Debug|x86.Build.0 = Debug|Any CPU
		{1958C748-33F4-40F8-A978-2A991F260ADB}.Release|Any CPU.ActiveCfg = Release|Any CPU
		{1958C748-33F4-40F8-A978-2A991F260ADB}.Release|Any CPU.Build.0 = Release|Any CPU
		{1958C748-33F4-40F8-A978-2A991F260ADB}.Release|x64.ActiveCfg = Release|Any CPU
		{1958C748-33F4-40F8-A978-2A991F260ADB}.Release|x64.Build.0 = Release|Any CPU
		{1958C748-33F4-40F8-A978-2A991F260ADB}.Release|x86.ActiveCfg = Release|Any CPU
		{1958C748-33F4-40F8-A978-2A991F260ADB}.Release|x86.Build.0 = Release|Any CPU
		{70899E23-C339-4BBC-B782-58687BA6F577}.Debug|Any CPU.ActiveCfg = Debug|Any CPU
		{70899E23-C339-4BBC-B782-58687BA6F577}.Debug|Any CPU.Build.0 = Debug|Any CPU
		{70899E23-C339-4BBC-B782-58687BA6F577}.Debug|x64.ActiveCfg = Debug|Any CPU
		{70899E23-C339-4BBC-B782-58687BA6F577}.Debug|x64.Build.0 = Debug|Any CPU
		{70899E23-C339-4BBC-B782-58687BA6F577}.Debug|x86.ActiveCfg = Debug|Any CPU
		{70899E23-C339-4BBC-B782-58687BA6F577}.Debug|x86.Build.0 = Debug|Any CPU
		{70899E23-C339-4BBC-B782-58687BA6F577}.Release|Any CPU.ActiveCfg = Release|Any CPU
		{70899E23-C339-4BBC-B782-58687BA6F577}.Release|Any CPU.Build.0 = Release|Any CPU
		{70899E23-C339-4BBC-B782-58687BA6F577}.Release|x64.ActiveCfg = Release|Any CPU
		{70899E23-C339-4BBC-B782-58687BA6F577}.Release|x64.Build.0 = Release|Any CPU
		{70899E23-C339-4BBC-B782-58687BA6F577}.Release|x86.ActiveCfg = Release|Any CPU
		{70899E23-C339-4BBC-B782-58687BA6F577}.Release|x86.Build.0 = Release|Any CPU
		{51CF064A-B5AA-4D0D-BE49-E5BDF9550AAF}.Debug|Any CPU.ActiveCfg = Debug|Any CPU
		{51CF064A-B5AA-4D0D-BE49-E5BDF9550AAF}.Debug|Any CPU.Build.0 = Debug|Any CPU
		{51CF064A-B5AA-4D0D-BE49-E5BDF9550AAF}.Debug|x64.ActiveCfg = Debug|Any CPU
		{51CF064A-B5AA-4D0D-BE49-E5BDF9550AAF}.Debug|x64.Build.0 = Debug|Any CPU
		{51CF064A-B5AA-4D0D-BE49-E5BDF9550AAF}.Debug|x86.ActiveCfg = Debug|Any CPU
		{51CF064A-B5AA-4D0D-BE49-E5BDF9550AAF}.Debug|x86.Build.0 = Debug|Any CPU
		{51CF064A-B5AA-4D0D-BE49-E5BDF9550AAF}.Release|Any CPU.ActiveCfg = Release|Any CPU
		{51CF064A-B5AA-4D0D-BE49-E5BDF9550AAF}.Release|Any CPU.Build.0 = Release|Any CPU
		{51CF064A-B5AA-4D0D-BE49-E5BDF9550AAF}.Release|x64.ActiveCfg = Release|Any CPU
		{51CF064A-B5AA-4D0D-BE49-E5BDF9550AAF}.Release|x64.Build.0 = Release|Any CPU
		{51CF064A-B5AA-4D0D-BE49-E5BDF9550AAF}.Release|x86.ActiveCfg = Release|Any CPU
		{51CF064A-B5AA-4D0D-BE49-E5BDF9550AAF}.Release|x86.Build.0 = Release|Any CPU
	EndGlobalSection
EndGlobal
